// !$*UTF8*$!
{
	archiveVersion = 1;
	classes = {
	};
	objectVersion = 50;
	objects = {

/* Begin PBXBuildFile section */
		216881D827CE516C00E32736 /* UIView + String .swift in Sources */ = {isa = PBXBuildFile; fileRef = 216881D727CE516C00E32736 /* UIView + String .swift */; };
		21922CF027CE5FEC002D1B98 /* CustomTextField.swift in Sources */ = {isa = PBXBuildFile; fileRef = 21922CEF27CE5FEC002D1B98 /* CustomTextField.swift */; };
		21922CF227CE7821002D1B98 /* Keybord+ Extention.swift in Sources */ = {isa = PBXBuildFile; fileRef = 21922CF127CE7821002D1B98 /* Keybord+ Extention.swift */; };
		219B4E3F27CC02AB0018207C /* AppDelegate.swift in Sources */ = {isa = PBXBuildFile; fileRef = 219B4E3E27CC02AB0018207C /* AppDelegate.swift */; };
		219B4E4127CC02AB0018207C /* SceneDelegate.swift in Sources */ = {isa = PBXBuildFile; fileRef = 219B4E4027CC02AB0018207C /* SceneDelegate.swift */; };
		219B4E4827CC02AE0018207C /* Assets.xcassets in Resources */ = {isa = PBXBuildFile; fileRef = 219B4E4727CC02AE0018207C /* Assets.xcassets */; };
		219B4E4B27CC02AE0018207C /* LaunchScreen.storyboard in Resources */ = {isa = PBXBuildFile; fileRef = 219B4E4927CC02AE0018207C /* LaunchScreen.storyboard */; };
		219B4E5427CC03080018207C /* MainScreenViewController.swift in Sources */ = {isa = PBXBuildFile; fileRef = 219B4E5227CC03080018207C /* MainScreenViewController.swift */; };
		219B4E5527CC03080018207C /* MainScreenViewController.xib in Resources */ = {isa = PBXBuildFile; fileRef = 219B4E5327CC03080018207C /* MainScreenViewController.xib */; };
		219B4E5827CC06640018207C /* MainScreenTableViewCell.swift in Sources */ = {isa = PBXBuildFile; fileRef = 219B4E5627CC06640018207C /* MainScreenTableViewCell.swift */; };
		219B4E5927CC06640018207C /* MainScreenTableViewCell.xib in Resources */ = {isa = PBXBuildFile; fileRef = 219B4E5727CC06640018207C /* MainScreenTableViewCell.xib */; };
		219B4E5C27CC088C0018207C /* ProductsCollectionViewCell.swift in Sources */ = {isa = PBXBuildFile; fileRef = 219B4E5A27CC088C0018207C /* ProductsCollectionViewCell.swift */; };
		219B4E5D27CC088C0018207C /* ProductsCollectionViewCell.xib in Resources */ = {isa = PBXBuildFile; fileRef = 219B4E5B27CC088C0018207C /* ProductsCollectionViewCell.xib */; };
		219B4E6C27CC1EE40018207C /* FirstSectionTableViewCell.xib in Resources */ = {isa = PBXBuildFile; fileRef = 219B4E6A27CC1EE40018207C /* FirstSectionTableViewCell.xib */; };
		219B4E6F27CC1F6F0018207C /* CategoryCollectionViewCell.swift in Sources */ = {isa = PBXBuildFile; fileRef = 219B4E6D27CC1F6F0018207C /* CategoryCollectionViewCell.swift */; };
		219B4E7027CC1F6F0018207C /* CategoryCollectionViewCell.xib in Resources */ = {isa = PBXBuildFile; fileRef = 219B4E6E27CC1F6F0018207C /* CategoryCollectionViewCell.xib */; };
		219B4E7527CC2D530018207C /* HeaderIndecatorCollectionViewCell.swift in Sources */ = {isa = PBXBuildFile; fileRef = 219B4E7327CC2D530018207C /* HeaderIndecatorCollectionViewCell.swift */; };
		219B4E7627CC2D530018207C /* HeaderIndecatorCollectionViewCell.xib in Resources */ = {isa = PBXBuildFile; fileRef = 219B4E7427CC2D530018207C /* HeaderIndecatorCollectionViewCell.xib */; };
		219B4E8027CC3CDB0018207C /* HedderBarSectionTableViewCell.swift in Sources */ = {isa = PBXBuildFile; fileRef = 219B4E7E27CC3CDB0018207C /* HedderBarSectionTableViewCell.swift */; };
		219B4E8127CC3CDB0018207C /* HedderBarSectionTableViewCell.xib in Resources */ = {isa = PBXBuildFile; fileRef = 219B4E7F27CC3CDB0018207C /* HedderBarSectionTableViewCell.xib */; };
		219B4E8427CC47F00018207C /* UILabel.swift in Sources */ = {isa = PBXBuildFile; fileRef = 219B4E8327CC47F00018207C /* UILabel.swift */; };
		21D7B00527CD32A400E7E856 /* OnboardingScreenViewController.swift in Sources */ = {isa = PBXBuildFile; fileRef = 21D7B00327CD32A400E7E856 /* OnboardingScreenViewController.swift */; };
		21D7B00627CD32A400E7E856 /* OnboardingScreenViewController.xib in Resources */ = {isa = PBXBuildFile; fileRef = 21D7B00427CD32A400E7E856 /* OnboardingScreenViewController.xib */; };
		21D7B00B27CD337900E7E856 /* OnboardingScreenCollectionViewCell.swift in Sources */ = {isa = PBXBuildFile; fileRef = 21D7B00927CD337900E7E856 /* OnboardingScreenCollectionViewCell.swift */; };
		21D7B00C27CD337900E7E856 /* OnboardingScreenCollectionViewCell.xib in Resources */ = {isa = PBXBuildFile; fileRef = 21D7B00A27CD337900E7E856 /* OnboardingScreenCollectionViewCell.xib */; };
		21D7B00E27CD3E8B00E7E856 /* FirstSectionTableViewCell.swift in Sources */ = {isa = PBXBuildFile; fileRef = 21D7B00D27CD3E8B00E7E856 /* FirstSectionTableViewCell.swift */; };
		21D7B01227CD478400E7E856 /* UIView+IBInspectable.swift in Sources */ = {isa = PBXBuildFile; fileRef = 21D7B01027CD478400E7E856 /* UIView+IBInspectable.swift */; };
		21D7B01427CD506C00E7E856 /* corners and radius.swift in Sources */ = {isa = PBXBuildFile; fileRef = 21D7B01327CD506C00E7E856 /* corners and radius.swift */; };
		21EF667427CD7B5400856F1B /* Model.swift in Sources */ = {isa = PBXBuildFile; fileRef = 21EF667327CD7B5400856F1B /* Model.swift */; };
/* End PBXBuildFile section */

/* Begin PBXFileReference section */
		216881D727CE516C00E32736 /* UIView + String .swift */ = {isa = PBXFileReference; lastKnownFileType = sourcecode.swift; path = "UIView + String .swift"; sourceTree = "<group>"; };
		21922CEF27CE5FEC002D1B98 /* CustomTextField.swift */ = {isa = PBXFileReference; lastKnownFileType = sourcecode.swift; path = CustomTextField.swift; sourceTree = "<group>"; };
		21922CF127CE7821002D1B98 /* Keybord+ Extention.swift */ = {isa = PBXFileReference; lastKnownFileType = sourcecode.swift; path = "Keybord+ Extention.swift"; sourceTree = "<group>"; };
		219B4E3B27CC02AB0018207C /* Tatx-Demo.app */ = {isa = PBXFileReference; explicitFileType = wrapper.application; includeInIndex = 0; path = "Tatx-Demo.app"; sourceTree = BUILT_PRODUCTS_DIR; };
		219B4E3E27CC02AB0018207C /* AppDelegate.swift */ = {isa = PBXFileReference; lastKnownFileType = sourcecode.swift; path = AppDelegate.swift; sourceTree = "<group>"; };
		219B4E4027CC02AB0018207C /* SceneDelegate.swift */ = {isa = PBXFileReference; lastKnownFileType = sourcecode.swift; path = SceneDelegate.swift; sourceTree = "<group>"; };
		219B4E4727CC02AE0018207C /* Assets.xcassets */ = {isa = PBXFileReference; lastKnownFileType = folder.assetcatalog; path = Assets.xcassets; sourceTree = "<group>"; };
		219B4E4A27CC02AE0018207C /* Base */ = {isa = PBXFileReference; lastKnownFileType = file.storyboard; name = Base; path = Base.lproj/LaunchScreen.storyboard; sourceTree = "<group>"; };
		219B4E4C27CC02AE0018207C /* Info.plist */ = {isa = PBXFileReference; lastKnownFileType = text.plist.xml; path = Info.plist; sourceTree = "<group>"; };
		219B4E5227CC03080018207C /* MainScreenViewController.swift */ = {isa = PBXFileReference; lastKnownFileType = sourcecode.swift; path = MainScreenViewController.swift; sourceTree = "<group>"; };
		219B4E5327CC03080018207C /* MainScreenViewController.xib */ = {isa = PBXFileReference; lastKnownFileType = file.xib; path = MainScreenViewController.xib; sourceTree = "<group>"; };
		219B4E5627CC06640018207C /* MainScreenTableViewCell.swift */ = {isa = PBXFileReference; lastKnownFileType = sourcecode.swift; path = MainScreenTableViewCell.swift; sourceTree = "<group>"; };
		219B4E5727CC06640018207C /* MainScreenTableViewCell.xib */ = {isa = PBXFileReference; lastKnownFileType = file.xib; path = MainScreenTableViewCell.xib; sourceTree = "<group>"; };
		219B4E5A27CC088C0018207C /* ProductsCollectionViewCell.swift */ = {isa = PBXFileReference; lastKnownFileType = sourcecode.swift; path = ProductsCollectionViewCell.swift; sourceTree = "<group>"; };
		219B4E5B27CC088C0018207C /* ProductsCollectionViewCell.xib */ = {isa = PBXFileReference; lastKnownFileType = file.xib; path = ProductsCollectionViewCell.xib; sourceTree = "<group>"; };
		219B4E6A27CC1EE40018207C /* FirstSectionTableViewCell.xib */ = {isa = PBXFileReference; lastKnownFileType = file.xib; path = FirstSectionTableViewCell.xib; sourceTree = "<group>"; };
		219B4E6D27CC1F6F0018207C /* CategoryCollectionViewCell.swift */ = {isa = PBXFileReference; lastKnownFileType = sourcecode.swift; path = CategoryCollectionViewCell.swift; sourceTree = "<group>"; };
		219B4E6E27CC1F6F0018207C /* CategoryCollectionViewCell.xib */ = {isa = PBXFileReference; lastKnownFileType = file.xib; path = CategoryCollectionViewCell.xib; sourceTree = "<group>"; };
		219B4E7327CC2D530018207C /* HeaderIndecatorCollectionViewCell.swift */ = {isa = PBXFileReference; lastKnownFileType = sourcecode.swift; path = HeaderIndecatorCollectionViewCell.swift; sourceTree = "<group>"; };
		219B4E7427CC2D530018207C /* HeaderIndecatorCollectionViewCell.xib */ = {isa = PBXFileReference; lastKnownFileType = file.xib; path = HeaderIndecatorCollectionViewCell.xib; sourceTree = "<group>"; };
		219B4E7E27CC3CDB0018207C /* HedderBarSectionTableViewCell.swift */ = {isa = PBXFileReference; lastKnownFileType = sourcecode.swift; path = HedderBarSectionTableViewCell.swift; sourceTree = "<group>"; };
		219B4E7F27CC3CDB0018207C /* HedderBarSectionTableViewCell.xib */ = {isa = PBXFileReference; lastKnownFileType = file.xib; path = HedderBarSectionTableViewCell.xib; sourceTree = "<group>"; };
		219B4E8327CC47F00018207C /* UILabel.swift */ = {isa = PBXFileReference; lastKnownFileType = sourcecode.swift; path = UILabel.swift; sourceTree = "<group>"; };
		21D7B00327CD32A400E7E856 /* OnboardingScreenViewController.swift */ = {isa = PBXFileReference; lastKnownFileType = sourcecode.swift; path = OnboardingScreenViewController.swift; sourceTree = "<group>"; };
		21D7B00427CD32A400E7E856 /* OnboardingScreenViewController.xib */ = {isa = PBXFileReference; lastKnownFileType = file.xib; path = OnboardingScreenViewController.xib; sourceTree = "<group>"; };
		21D7B00927CD337900E7E856 /* OnboardingScreenCollectionViewCell.swift */ = {isa = PBXFileReference; lastKnownFileType = sourcecode.swift; path = OnboardingScreenCollectionViewCell.swift; sourceTree = "<group>"; };
		21D7B00A27CD337900E7E856 /* OnboardingScreenCollectionViewCell.xib */ = {isa = PBXFileReference; lastKnownFileType = file.xib; path = OnboardingScreenCollectionViewCell.xib; sourceTree = "<group>"; };
		21D7B00D27CD3E8B00E7E856 /* FirstSectionTableViewCell.swift */ = {isa = PBXFileReference; fileEncoding = 4; lastKnownFileType = sourcecode.swift; path = FirstSectionTableViewCell.swift; sourceTree = "<group>"; };
		21D7B01027CD478400E7E856 /* UIView+IBInspectable.swift */ = {isa = PBXFileReference; fileEncoding = 4; lastKnownFileType = sourcecode.swift; path = "UIView+IBInspectable.swift"; sourceTree = "<group>"; };
		21D7B01327CD506C00E7E856 /* corners and radius.swift */ = {isa = PBXFileReference; lastKnownFileType = sourcecode.swift; path = "corners and radius.swift"; sourceTree = "<group>"; };
		21EF667327CD7B5400856F1B /* Model.swift */ = {isa = PBXFileReference; lastKnownFileType = sourcecode.swift; path = Model.swift; sourceTree = "<group>"; };
/* End PBXFileReference section */

/* Begin PBXFrameworksBuildPhase section */
		219B4E3827CC02AB0018207C /* Frameworks */ = {
			isa = PBXFrameworksBuildPhase;
			buildActionMask = 2147483647;
			files = (
			);
			runOnlyForDeploymentPostprocessing = 0;
		};
/* End PBXFrameworksBuildPhase section */

/* Begin PBXGroup section */
		21922CED27CE5FD2002D1B98 /* Custom View */ = {
			isa = PBXGroup;
			children = (
				21922CEE27CE5FDB002D1B98 /* CustomTextField */,
			);
			path = "Custom View";
			sourceTree = "<group>";
		};
		21922CEE27CE5FDB002D1B98 /* CustomTextField */ = {
			isa = PBXGroup;
			children = (
				21922CEF27CE5FEC002D1B98 /* CustomTextField.swift */,
			);
			path = CustomTextField;
			sourceTree = "<group>";
		};
		219B4E3227CC02AB0018207C = {
			isa = PBXGroup;
			children = (
				219B4E3D27CC02AB0018207C /* Tatx-Demo */,
				219B4E3C27CC02AB0018207C /* Products */,
			);
			sourceTree = "<group>";
		};
		219B4E3C27CC02AB0018207C /* Products */ = {
			isa = PBXGroup;
			children = (
				219B4E3B27CC02AB0018207C /* Tatx-Demo.app */,
			);
			name = Products;
			sourceTree = "<group>";
		};
		219B4E3D27CC02AB0018207C /* Tatx-Demo */ = {
			isa = PBXGroup;
			children = (
				21D7AFFD27CD2DA700E7E856 /* Resources */,
				21D7AFFC27CD2D9C00E7E856 /* Delegate */,
				21D7AFFB27CD2D8E00E7E856 /* Configurations */,
				21D7AFFA27CD2D8500E7E856 /* Core */,
				219B4E5F27CC18350018207C /* Modual */,
			);
			path = "Tatx-Demo";
			sourceTree = "<group>";
		};
		219B4E5E27CC17BF0018207C /* products */ = {
			isa = PBXGroup;
			children = (
				219B4E6527CC18A70018207C /* CollectionViewCell */,
				219B4E6427CC18930018207C /* TableViewCell */,
			);
			path = products;
			sourceTree = "<group>";
		};
		219B4E5F27CC18350018207C /* Modual */ = {
			isa = PBXGroup;
			children = (
				21D7B00227CD326900E7E856 /* OnboardingScreen */,
				219B4E6027CC18460018207C /* MainScreen */,
			);
			path = Modual;
			sourceTree = "<group>";
		};
		219B4E6027CC18460018207C /* MainScreen */ = {
			isa = PBXGroup;
			children = (
				21EF667127CD7B3100856F1B /* Model */,
				219B4E6127CC185A0018207C /* View */,
			);
			path = MainScreen;
			sourceTree = "<group>";
		};
		219B4E6127CC185A0018207C /* View */ = {
			isa = PBXGroup;
			children = (
				219B4E6327CC18730018207C /* Sub */,
				219B4E6227CC18660018207C /* Main */,
			);
			path = View;
			sourceTree = "<group>";
		};
		219B4E6227CC18660018207C /* Main */ = {
			isa = PBXGroup;
			children = (
				219B4E5227CC03080018207C /* MainScreenViewController.swift */,
				219B4E5327CC03080018207C /* MainScreenViewController.xib */,
			);
			path = Main;
			sourceTree = "<group>";
		};
		219B4E6327CC18730018207C /* Sub */ = {
			isa = PBXGroup;
			children = (
				219B4E7927CC3A150018207C /* HedderBarSection */,
				219B4E7727CC365F0018207C /* First Section */,
				219B4E7827CC374E0018207C /* Second Section */,
			);
			path = Sub;
			sourceTree = "<group>";
		};
		219B4E6427CC18930018207C /* TableViewCell */ = {
			isa = PBXGroup;
			children = (
				219B4E5627CC06640018207C /* MainScreenTableViewCell.swift */,
				219B4E5727CC06640018207C /* MainScreenTableViewCell.xib */,
			);
			path = TableViewCell;
			sourceTree = "<group>";
		};
		219B4E6527CC18A70018207C /* CollectionViewCell */ = {
			isa = PBXGroup;
			children = (
				219B4E5A27CC088C0018207C /* ProductsCollectionViewCell.swift */,
				219B4E5B27CC088C0018207C /* ProductsCollectionViewCell.xib */,
			);
			path = CollectionViewCell;
			sourceTree = "<group>";
		};
		219B4E6627CC18B40018207C /* Category */ = {
			isa = PBXGroup;
			children = (
				219B4E6827CC1E430018207C /* CollectionViewCell */,
			);
			path = Category;
			sourceTree = "<group>";
		};
		219B4E6727CC1E3A0018207C /* TableViewCell */ = {
			isa = PBXGroup;
			children = (
				21D7B00D27CD3E8B00E7E856 /* FirstSectionTableViewCell.swift */,
				219B4E6A27CC1EE40018207C /* FirstSectionTableViewCell.xib */,
			);
			path = TableViewCell;
			sourceTree = "<group>";
		};
		219B4E6827CC1E430018207C /* CollectionViewCell */ = {
			isa = PBXGroup;
			children = (
				219B4E6D27CC1F6F0018207C /* CategoryCollectionViewCell.swift */,
				219B4E6E27CC1F6F0018207C /* CategoryCollectionViewCell.xib */,
			);
			path = CollectionViewCell;
			sourceTree = "<group>";
		};
		219B4E7127CC2CE30018207C /* HeaderIndecator */ = {
			isa = PBXGroup;
			children = (
				219B4E7227CC2D280018207C /* CollectionViewCell */,
			);
			path = HeaderIndecator;
			sourceTree = "<group>";
		};
		219B4E7227CC2D280018207C /* CollectionViewCell */ = {
			isa = PBXGroup;
			children = (
				219B4E7327CC2D530018207C /* HeaderIndecatorCollectionViewCell.swift */,
				219B4E7427CC2D530018207C /* HeaderIndecatorCollectionViewCell.xib */,
			);
			path = CollectionViewCell;
			sourceTree = "<group>";
		};
		219B4E7727CC365F0018207C /* First Section */ = {
			isa = PBXGroup;
			children = (
				219B4E7127CC2CE30018207C /* HeaderIndecator */,
				219B4E6627CC18B40018207C /* Category */,
				219B4E6727CC1E3A0018207C /* TableViewCell */,
			);
			path = "First Section";
			sourceTree = "<group>";
		};
		219B4E7827CC374E0018207C /* Second Section */ = {
			isa = PBXGroup;
			children = (
				219B4E5E27CC17BF0018207C /* products */,
			);
			path = "Second Section";
			sourceTree = "<group>";
		};
		219B4E7927CC3A150018207C /* HedderBarSection */ = {
			isa = PBXGroup;
			children = (
				219B4E7E27CC3CDB0018207C /* HedderBarSectionTableViewCell.swift */,
				219B4E7F27CC3CDB0018207C /* HedderBarSectionTableViewCell.xib */,
			);
			path = HedderBarSection;
			sourceTree = "<group>";
		};
		219B4E8227CC47D70018207C /* Extention */ = {
			isa = PBXGroup;
			children = (
				21D7B01027CD478400E7E856 /* UIView+IBInspectable.swift */,
				219B4E8327CC47F00018207C /* UILabel.swift */,
				21D7B01327CD506C00E7E856 /* corners and radius.swift */,
				216881D727CE516C00E32736 /* UIView + String .swift */,
				21922CF127CE7821002D1B98 /* Keybord+ Extention.swift */,
			);
			path = Extention;
			sourceTree = "<group>";
		};
		21D7AFFA27CD2D8500E7E856 /* Core */ = {
			isa = PBXGroup;
			children = (
				21922CED27CE5FD2002D1B98 /* Custom View */,
				219B4E8227CC47D70018207C /* Extention */,
				21D7B00127CD2E1400E7E856 /* Network */,
			);
			path = Core;
			sourceTree = "<group>";
		};
		21D7AFFB27CD2D8E00E7E856 /* Configurations */ = {
			isa = PBXGroup;
			children = (
				21D7B00027CD2DFA00E7E856 /* Plist */,
			);
			path = Configurations;
			sourceTree = "<group>";
		};
		21D7AFFC27CD2D9C00E7E856 /* Delegate */ = {
			isa = PBXGroup;
			children = (
				219B4E3E27CC02AB0018207C /* AppDelegate.swift */,
				219B4E4027CC02AB0018207C /* SceneDelegate.swift */,
			);
			path = Delegate;
			sourceTree = "<group>";
		};
		21D7AFFD27CD2DA700E7E856 /* Resources */ = {
			isa = PBXGroup;
			children = (
				21D7AFFF27CD2DB800E7E856 /* Assets */,
				21D7AFFE27CD2DB500E7E856 /* Storyboard */,
			);
			path = Resources;
			sourceTree = "<group>";
		};
		21D7AFFE27CD2DB500E7E856 /* Storyboard */ = {
			isa = PBXGroup;
			children = (
				219B4E4927CC02AE0018207C /* LaunchScreen.storyboard */,
			);
			path = Storyboard;
			sourceTree = "<group>";
		};
		21D7AFFF27CD2DB800E7E856 /* Assets */ = {
			isa = PBXGroup;
			children = (
				219B4E4727CC02AE0018207C /* Assets.xcassets */,
			);
			path = Assets;
			sourceTree = "<group>";
		};
		21D7B00027CD2DFA00E7E856 /* Plist */ = {
			isa = PBXGroup;
			children = (
				219B4E4C27CC02AE0018207C /* Info.plist */,
			);
			path = Plist;
			sourceTree = "<group>";
		};
		21D7B00127CD2E1400E7E856 /* Network */ = {
			isa = PBXGroup;
			children = (
			);
			path = Network;
			sourceTree = "<group>";
		};
		21D7B00227CD326900E7E856 /* OnboardingScreen */ = {
			isa = PBXGroup;
			children = (
				21D7B00827CD334700E7E856 /* MainView */,
				21D7B00727CD333800E7E856 /* SubView */,
			);
			path = OnboardingScreen;
			sourceTree = "<group>";
		};
		21D7B00727CD333800E7E856 /* SubView */ = {
			isa = PBXGroup;
			children = (
				21D7B00927CD337900E7E856 /* OnboardingScreenCollectionViewCell.swift */,
				21D7B00A27CD337900E7E856 /* OnboardingScreenCollectionViewCell.xib */,
			);
			path = SubView;
			sourceTree = "<group>";
		};
		21D7B00827CD334700E7E856 /* MainView */ = {
			isa = PBXGroup;
			children = (
				21D7B00327CD32A400E7E856 /* OnboardingScreenViewController.swift */,
				21D7B00427CD32A400E7E856 /* OnboardingScreenViewController.xib */,
			);
			path = MainView;
			sourceTree = "<group>";
		};
		21EF667127CD7B3100856F1B /* Model */ = {
			isa = PBXGroup;
			children = (
				21EF667327CD7B5400856F1B /* Model.swift */,
			);
			path = Model;
			sourceTree = "<group>";
		};
/* End PBXGroup section */

/* Begin PBXNativeTarget section */
		219B4E3A27CC02AB0018207C /* Tatx-Demo */ = {
			isa = PBXNativeTarget;
			buildConfigurationList = 219B4E4F27CC02AE0018207C /* Build configuration list for PBXNativeTarget "Tatx-Demo" */;
			buildPhases = (
				219B4E3727CC02AB0018207C /* Sources */,
				219B4E3827CC02AB0018207C /* Frameworks */,
				219B4E3927CC02AB0018207C /* Resources */,
			);
			buildRules = (
			);
			dependencies = (
			);
			name = "Tatx-Demo";
			productName = "Tatx-Demo";
			productReference = 219B4E3B27CC02AB0018207C /* Tatx-Demo.app */;
			productType = "com.apple.product-type.application";
		};
/* End PBXNativeTarget section */

/* Begin PBXProject section */
		219B4E3327CC02AB0018207C /* Project object */ = {
			isa = PBXProject;
			attributes = {
				LastSwiftUpdateCheck = 1250;
				LastUpgradeCheck = 1250;
				TargetAttributes = {
					219B4E3A27CC02AB0018207C = {
						CreatedOnToolsVersion = 12.5;
					};
				};
			};
			buildConfigurationList = 219B4E3627CC02AB0018207C /* Build configuration list for PBXProject "Tatx-Demo" */;
			compatibilityVersion = "Xcode 9.3";
			developmentRegion = en;
			hasScannedForEncodings = 0;
			knownRegions = (
				en,
				Base,
			);
			mainGroup = 219B4E3227CC02AB0018207C;
			productRefGroup = 219B4E3C27CC02AB0018207C /* Products */;
			projectDirPath = "";
			projectRoot = "";
			targets = (
				219B4E3A27CC02AB0018207C /* Tatx-Demo */,
			);
		};
/* End PBXProject section */

/* Begin PBXResourcesBuildPhase section */
		219B4E3927CC02AB0018207C /* Resources */ = {
			isa = PBXResourcesBuildPhase;
			buildActionMask = 2147483647;
			files = (
				219B4E5927CC06640018207C /* MainScreenTableViewCell.xib in Resources */,
				219B4E8127CC3CDB0018207C /* HedderBarSectionTableViewCell.xib in Resources */,
				219B4E7027CC1F6F0018207C /* CategoryCollectionViewCell.xib in Resources */,
				21D7B00627CD32A400E7E856 /* OnboardingScreenViewController.xib in Resources */,
				21D7B00C27CD337900E7E856 /* OnboardingScreenCollectionViewCell.xib in Resources */,
				219B4E4B27CC02AE0018207C /* LaunchScreen.storyboard in Resources */,
				219B4E5D27CC088C0018207C /* ProductsCollectionViewCell.xib in Resources */,
				219B4E6C27CC1EE40018207C /* FirstSectionTableViewCell.xib in Resources */,
				219B4E4827CC02AE0018207C /* Assets.xcassets in Resources */,
				219B4E5527CC03080018207C /* MainScreenViewController.xib in Resources */,
				219B4E7627CC2D530018207C /* HeaderIndecatorCollectionViewCell.xib in Resources */,
			);
			runOnlyForDeploymentPostprocessing = 0;
		};
/* End PBXResourcesBuildPhase section */

/* Begin PBXSourcesBuildPhase section */
		219B4E3727CC02AB0018207C /* Sources */ = {
			isa = PBXSourcesBuildPhase;
			buildActionMask = 2147483647;
			files = (
				219B4E8427CC47F00018207C /* UILabel.swift in Sources */,
				21D7B00B27CD337900E7E856 /* OnboardingScreenCollectionViewCell.swift in Sources */,
				219B4E8027CC3CDB0018207C /* HedderBarSectionTableViewCell.swift in Sources */,
				219B4E5827CC06640018207C /* MainScreenTableViewCell.swift in Sources */,
				219B4E5C27CC088C0018207C /* ProductsCollectionViewCell.swift in Sources */,
				21D7B00527CD32A400E7E856 /* OnboardingScreenViewController.swift in Sources */,
				21D7B01427CD506C00E7E856 /* corners and radius.swift in Sources */,
				219B4E3F27CC02AB0018207C /* AppDelegate.swift in Sources */,
				21922CF227CE7821002D1B98 /* Keybord+ Extention.swift in Sources */,
				21922CF027CE5FEC002D1B98 /* CustomTextField.swift in Sources */,
				219B4E7527CC2D530018207C /* HeaderIndecatorCollectionViewCell.swift in Sources */,
				219B4E6F27CC1F6F0018207C /* CategoryCollectionViewCell.swift in Sources */,
				21D7B01227CD478400E7E856 /* UIView+IBInspectable.swift in Sources */,
				21EF667427CD7B5400856F1B /* Model.swift in Sources */,
				216881D827CE516C00E32736 /* UIView + String .swift in Sources */,
				219B4E4127CC02AB0018207C /* SceneDelegate.swift in Sources */,
				21D7B00E27CD3E8B00E7E856 /* FirstSectionTableViewCell.swift in Sources */,
				219B4E5427CC03080018207C /* MainScreenViewController.swift in Sources */,
			);
			runOnlyForDeploymentPostprocessing = 0;
		};
/* End PBXSourcesBuildPhase section */

/* Begin PBXVariantGroup section */
		219B4E4927CC02AE0018207C /* LaunchScreen.storyboard */ = {
			isa = PBXVariantGroup;
			children = (
				219B4E4A27CC02AE0018207C /* Base */,
			);
			name = LaunchScreen.storyboard;
			sourceTree = "<group>";
		};
/* End PBXVariantGroup section */

/* Begin XCBuildConfiguration section */
		219B4E4D27CC02AE0018207C /* Debug */ = {
			isa = XCBuildConfiguration;
			buildSettings = {
				ALWAYS_SEARCH_USER_PATHS = NO;
				CLANG_ANALYZER_NONNULL = YES;
				CLANG_ANALYZER_NUMBER_OBJECT_CONVERSION = YES_AGGRESSIVE;
				CLANG_CXX_LANGUAGE_STANDARD = "gnu++14";
				CLANG_CXX_LIBRARY = "libc++";
				CLANG_ENABLE_MODULES = YES;
				CLANG_ENABLE_OBJC_ARC = YES;
				CLANG_ENABLE_OBJC_WEAK = YES;
				CLANG_WARN_BLOCK_CAPTURE_AUTORELEASING = YES;
				CLANG_WARN_BOOL_CONVERSION = YES;
				CLANG_WARN_COMMA = YES;
				CLANG_WARN_CONSTANT_CONVERSION = YES;
				CLANG_WARN_DEPRECATED_OBJC_IMPLEMENTATIONS = YES;
				CLANG_WARN_DIRECT_OBJC_ISA_USAGE = YES_ERROR;
				CLANG_WARN_DOCUMENTATION_COMMENTS = YES;
				CLANG_WARN_EMPTY_BODY = YES;
				CLANG_WARN_ENUM_CONVERSION = YES;
				CLANG_WARN_INFINITE_RECURSION = YES;
				CLANG_WARN_INT_CONVERSION = YES;
				CLANG_WARN_NON_LITERAL_NULL_CONVERSION = YES;
				CLANG_WARN_OBJC_IMPLICIT_RETAIN_SELF = YES;
				CLANG_WARN_OBJC_LITERAL_CONVERSION = YES;
				CLANG_WARN_OBJC_ROOT_CLASS = YES_ERROR;
				CLANG_WARN_QUOTED_INCLUDE_IN_FRAMEWORK_HEADER = YES;
				CLANG_WARN_RANGE_LOOP_ANALYSIS = YES;
				CLANG_WARN_STRICT_PROTOTYPES = YES;
				CLANG_WARN_SUSPICIOUS_MOVE = YES;
				CLANG_WARN_UNGUARDED_AVAILABILITY = YES_AGGRESSIVE;
				CLANG_WARN_UNREACHABLE_CODE = YES;
				CLANG_WARN__DUPLICATE_METHOD_MATCH = YES;
				COPY_PHASE_STRIP = NO;
				DEBUG_INFORMATION_FORMAT = dwarf;
				ENABLE_STRICT_OBJC_MSGSEND = YES;
				ENABLE_TESTABILITY = YES;
				GCC_C_LANGUAGE_STANDARD = gnu11;
				GCC_DYNAMIC_NO_PIC = NO;
				GCC_NO_COMMON_BLOCKS = YES;
				GCC_OPTIMIZATION_LEVEL = 0;
				GCC_PREPROCESSOR_DEFINITIONS = (
					"DEBUG=1",
					"$(inherited)",
				);
				GCC_WARN_64_TO_32_BIT_CONVERSION = YES;
				GCC_WARN_ABOUT_RETURN_TYPE = YES_ERROR;
				GCC_WARN_UNDECLARED_SELECTOR = YES;
				GCC_WARN_UNINITIALIZED_AUTOS = YES_AGGRESSIVE;
				GCC_WARN_UNUSED_FUNCTION = YES;
				GCC_WARN_UNUSED_VARIABLE = YES;
				IPHONEOS_DEPLOYMENT_TARGET = 14.5;
				MTL_ENABLE_DEBUG_INFO = INCLUDE_SOURCE;
				MTL_FAST_MATH = YES;
				ONLY_ACTIVE_ARCH = YES;
				SDKROOT = iphoneos;
				SWIFT_ACTIVE_COMPILATION_CONDITIONS = DEBUG;
				SWIFT_OPTIMIZATION_LEVEL = "-Onone";
			};
			name = Debug;
		};
		219B4E4E27CC02AE0018207C /* Release */ = {
			isa = XCBuildConfiguration;
			buildSettings = {
				ALWAYS_SEARCH_USER_PATHS = NO;
				CLANG_ANALYZER_NONNULL = YES;
				CLANG_ANALYZER_NUMBER_OBJECT_CONVERSION = YES_AGGRESSIVE;
				CLANG_CXX_LANGUAGE_STANDARD = "gnu++14";
				CLANG_CXX_LIBRARY = "libc++";
				CLANG_ENABLE_MODULES = YES;
				CLANG_ENABLE_OBJC_ARC = YES;
				CLANG_ENABLE_OBJC_WEAK = YES;
				CLANG_WARN_BLOCK_CAPTURE_AUTORELEASING = YES;
				CLANG_WARN_BOOL_CONVERSION = YES;
				CLANG_WARN_COMMA = YES;
				CLANG_WARN_CONSTANT_CONVERSION = YES;
				CLANG_WARN_DEPRECATED_OBJC_IMPLEMENTATIONS = YES;
				CLANG_WARN_DIRECT_OBJC_ISA_USAGE = YES_ERROR;
				CLANG_WARN_DOCUMENTATION_COMMENTS = YES;
				CLANG_WARN_EMPTY_BODY = YES;
				CLANG_WARN_ENUM_CONVERSION = YES;
				CLANG_WARN_INFINITE_RECURSION = YES;
				CLANG_WARN_INT_CONVERSION = YES;
				CLANG_WARN_NON_LITERAL_NULL_CONVERSION = YES;
				CLANG_WARN_OBJC_IMPLICIT_RETAIN_SELF = YES;
				CLANG_WARN_OBJC_LITERAL_CONVERSION = YES;
				CLANG_WARN_OBJC_ROOT_CLASS = YES_ERROR;
				CLANG_WARN_QUOTED_INCLUDE_IN_FRAMEWORK_HEADER = YES;
				CLANG_WARN_RANGE_LOOP_ANALYSIS = YES;
				CLANG_WARN_STRICT_PROTOTYPES = YES;
				CLANG_WARN_SUSPICIOUS_MOVE = YES;
				CLANG_WARN_UNGUARDED_AVAILABILITY = YES_AGGRESSIVE;
				CLANG_WARN_UNREACHABLE_CODE = YES;
				CLANG_WARN__DUPLICATE_METHOD_MATCH = YES;
				COPY_PHASE_STRIP = NO;
				DEBUG_INFORMATION_FORMAT = "dwarf-with-dsym";
				ENABLE_NS_ASSERTIONS = NO;
				ENABLE_STRICT_OBJC_MSGSEND = YES;
				GCC_C_LANGUAGE_STANDARD = gnu11;
				GCC_NO_COMMON_BLOCKS = YES;
				GCC_WARN_64_TO_32_BIT_CONVERSION = YES;
				GCC_WARN_ABOUT_RETURN_TYPE = YES_ERROR;
				GCC_WARN_UNDECLARED_SELECTOR = YES;
				GCC_WARN_UNINITIALIZED_AUTOS = YES_AGGRESSIVE;
				GCC_WARN_UNUSED_FUNCTION = YES;
				GCC_WARN_UNUSED_VARIABLE = YES;
				IPHONEOS_DEPLOYMENT_TARGET = 14.5;
				MTL_ENABLE_DEBUG_INFO = NO;
				MTL_FAST_MATH = YES;
				SDKROOT = iphoneos;
				SWIFT_COMPILATION_MODE = wholemodule;
				SWIFT_OPTIMIZATION_LEVEL = "-O";
				VALIDATE_PRODUCT = YES;
			};
			name = Release;
		};
		219B4E5027CC02AE0018207C /* Debug */ = {
			isa = XCBuildConfiguration;
			buildSettings = {
				ASSETCATALOG_COMPILER_APPICON_NAME = AppIcon;
				ASSETCATALOG_COMPILER_GLOBAL_ACCENT_COLOR_NAME = AccentColor;
				CODE_SIGN_STYLE = Automatic;
				INFOPLIST_FILE = "Tatx-Demo/Configurations/Plist/Info.plist";
				LD_RUNPATH_SEARCH_PATHS = (
					"$(inherited)",
					"@executable_path/Frameworks",
				);
				PRODUCT_BUNDLE_IDENTIFIER = "mohamedabdelhamed.Tatx-Demo";
				PRODUCT_NAME = "$(TARGET_NAME)";
				SWIFT_VERSION = 5.0;
				TARGETED_DEVICE_FAMILY = "1,2";
			};
			name = Debug;
		};
		219B4E5127CC02AE0018207C /* Release */ = {
			isa = XCBuildConfiguration;
			buildSettings = {
				ASSETCATALOG_COMPILER_APPICON_NAME = AppIcon;
				ASSETCATALOG_COMPILER_GLOBAL_ACCENT_COLOR_NAME = AccentColor;
				CODE_SIGN_STYLE = Automatic;
				INFOPLIST_FILE = "Tatx-Demo/Configurations/Plist/Info.plist";
				LD_RUNPATH_SEARCH_PATHS = (
					"$(inherited)",
					"@executable_path/Frameworks",
				);
				PRODUCT_BUNDLE_IDENTIFIER = "mohamedabdelhamed.Tatx-Demo";
				PRODUCT_NAME = "$(TARGET_NAME)";
				SWIFT_VERSION = 5.0;
				TARGETED_DEVICE_FAMILY = "1,2";
			};
			name = Release;
		};
/* End XCBuildConfiguration section */

/* Begin XCConfigurationList section */
		219B4E3627CC02AB0018207C /* Build configuration list for PBXProject "Tatx-Demo" */ = {
			isa = XCConfigurationList;
			buildConfigurations = (
				219B4E4D27CC02AE0018207C /* Debug */,
				219B4E4E27CC02AE0018207C /* Release */,
			);
			defaultConfigurationIsVisible = 0;
			defaultConfigurationName = Release;
		};
		219B4E4F27CC02AE0018207C /* Build configuration list for PBXNativeTarget "Tatx-Demo" */ = {
			isa = XCConfigurationList;
			buildConfigurations = (
				219B4E5027CC02AE0018207C /* Debug */,
				219B4E5127CC02AE0018207C /* Release */,
			);
			defaultConfigurationIsVisible = 0;
			defaultConfigurationName = Release;
		};
/* End XCConfigurationList section */
	};
	rootObject = 219B4E3327CC02AB0018207C /* Project object */;
}
